
Microsoft Visual Studio Solution File, Format Version 12.00
# Visual Studio 15
VisualStudioVersion = 15.0.28307.705
MinimumVisualStudioVersion = 10.0.40219.1
Project("{9A19103F-16F7-4668-BE54-9A1E7A4F7556}") = "Sudoku", "Sudoku.csproj", "{982E3705-6952-4EB8-AE2C-D4C9511EE181}"
EndProject
Project("{FAE04EC0-301F-11D3-BF4B-00C04F79EFBC}") = "SudokuTests", "..\SudokuTests\SudokuTests.csproj", "{CED5746D-AAFA-450B-AD16-6838FE01A7E0}"
EndProject
Global
	GlobalSection(SolutionConfigurationPlatforms) = preSolution
		Debug|Any CPU = Debug|Any CPU
		Release|Any CPU = Release|Any CPU
	EndGlobalSection
	GlobalSection(ProjectConfigurationPlatforms) = postSolution
		{982E3705-6952-4EB8-AE2C-D4C9511EE181}.Debug|Any CPU.ActiveCfg = Debug|Any CPU
		{982E3705-6952-4EB8-AE2C-D4C9511EE181}.Debug|Any CPU.Build.0 = Debug|Any CPU
		{982E3705-6952-4EB8-AE2C-D4C9511EE181}.Release|Any CPU.ActiveCfg = Release|Any CPU
		{982E3705-6952-4EB8-AE2C-D4C9511EE181}.Release|Any CPU.Build.0 = Release|Any CPU
		{CED5746D-AAFA-450B-AD16-6838FE01A7E0}.Debug|Any CPU.ActiveCfg = Debug|Any CPU
		{CED5746D-AAFA-450B-AD16-6838FE01A7E0}.Debug|Any CPU.Build.0 = Debug|Any CPU
		{CED5746D-AAFA-450B-AD16-6838FE01A7E0}.Release|Any CPU.ActiveCfg = Release|Any CPU
		{CED5746D-AAFA-450B-AD16-6838FE01A7E0}.Release|Any CPU.Build.0 = Release|Any CPU
	EndGlobalSection
	GlobalSection(SolutionProperties) = preSolution
		HideSolutionNode = FALSE
	EndGlobalSection
	GlobalSection(ExtensibilityGlobals) = postSolution
		SolutionGuid = {CAB71CD6-BE4C-41C7-BFE3-74B1DEA807F1}
	EndGlobalSection
EndGlobal
